
Microsoft Visual Studio Solution File, Format Version 12.00
# Visual Studio 15
VisualStudioVersion = 15.0.28010.2046
MinimumVisualStudioVersion = 10.0.40219.1
Project("{FAE04EC0-301F-11D3-BF4B-00C04F79EFBC}") = "Web", "Web\Web.csproj", "{DB189F52-6E20-4D12-AFA7-423979764DB3}"
EndProject
Global
	GlobalSection(SolutionConfigurationPlatforms) = preSolution
		Debug|Any CPU = Debug|Any CPU
		Release|Any CPU = Release|Any CPU
	EndGlobalSection
	GlobalSection(ProjectConfigurationPlatforms) = postSolution
		{DB189F52-6E20-4D12-AFA7-423979764DB3}.Debug|Any CPU.ActiveCfg = Debug|Any CPU
		{DB189F52-6E20-4D12-AFA7-423979764DB3}.Debug|Any CPU.Build.0 = Debug|Any CPU
		{DB189F52-6E20-4D12-AFA7-423979764DB3}.Release|Any CPU.ActiveCfg = Release|Any CPU
		{DB189F52-6E20-4D12-AFA7-423979764DB3}.Release|Any CPU.Build.0 = Release|Any CPU
	EndGlobalSection
	GlobalSection(SolutionProperties) = preSolution
		HideSolutionNode = FALSE
	EndGlobalSection
	GlobalSection(ExtensibilityGlobals) = postSolution
		SolutionGuid = {19C1007C-9FD8-46FF-8570-4FE0C2D15C4E}
	EndGlobalSection
EndGlobal
